# This file is autogenerated, do not edit; changes may be undone by the next 'dep ensure'.


[[projects]]
  branch = "master"
  digest = "1:a7d8e889f1cca2b2b28aebe598bbb1b63c6dbeb88ff2e63fbf37c184eebc3620"
  name = "github.com/bitrise-io/go-utils"
  packages = [
    "colorstring",
    "command",
    "errorutil",
    "log",
    "pathutil",
  ]
  pruneopts = "UT"
  revision = "10ba6612803187a89b6935f06a617e9e1cd9d2bf"

[[projects]]
  digest = "1:88e0b0baeb9072f0a4afbcf12dda615fc8be001d1802357538591155998da21b"
  name = "github.com/hashicorp/go-version"
  packages = ["."]
  pruneopts = "UT"
  revision = "ac23dc3fea5d1a983c43f6a0f6e2c13f0195d8bd"
  version = "v1.2.0"

[solve-meta]
  analyzer-name = "dep"
  analyzer-version = 1
  input-imports = [
    "github.com/bitrise-io/go-utils/command",
    "github.com/bitrise-io/go-utils/log",
    "github.com/hashicorp/go-version",
  ]
  solver-name = "gps-cdcl"
  solver-version = 1
