# This file is autogenerated, do not edit; changes may be undone by the next 'dep ensure'.


[[projects]]
  branch = "master"
  digest = "1:c0b39ecb4571b7c447a7de369bdba8e8233874015854ae9418814735102f0804"
  name = "github.com/bitrise-io/bitrise-add-new-project"
  packages = ["httputil"]
  pruneopts = "UT"
  revision = "c221ee0d40117670b70ebe05dfa56fa816bac92e"

[[projects]]
  branch = "master"
  digest = "1:89562e1ecde606efbc12f60b41582279cccea8f4d39b31290e2d64bd1f08ee29"
  name = "github.com/bitrise-io/go-steputils"
  packages = [
    "stepconf",
    "tools",
  ]
  pruneopts = "UT"
  revision = "3c98d95a94d51624a26e99419d0fc03d2aab0055"

[[projects]]
  branch = "master"
  digest = "1:66aaf6307c35e7075172d6281cebcb0af104fcad57144328e1052d422aba738d"
  name = "github.com/bitrise-io/go-utils"
  packages = [
    "colorstring",
    "command",
    "errorutil",
    "fileutil",
    "log",
    "parseutil",
    "pathutil",
    "pkcs12",
    "pkcs12/internal/rc2",
    "pointers",
    "retry",
    "sliceutil",
  ]
  pruneopts = "UT"
  revision = "5067a2a682f21030f379f88e853b9e0734a24516"

[[projects]]
  branch = "master"
  digest = "1:0da8d1e78f162f482a17edc5a5ed1c97130eef9e584773dd01f32984d15c9de5"
  name = "github.com/bitrise-io/go-xcode"
  packages = ["certificateutil"]
  pruneopts = "UT"
  revision = "19cbfe6430acc193d779847a13be0b8585d866c1"

[[projects]]
  branch = "master"
  digest = "1:96dce0e947311f3985d20c3f368e71a4d281c916d3e3b85566f867f4a22980a3"
  name = "github.com/bitrise-io/xcode-project"
  packages = [
    ".",
    "pretty",
    "serialized",
    "xcodebuild",
    "xcodeproj",
    "xcscheme",
    "xcworkspace",
  ]
  pruneopts = "UT"
  revision = "a4e01d69cacc7dd9acbe8fb987dba69c9ce01b1c"

[[projects]]
  digest = "1:76dc72490af7174349349838f2fe118996381b31ea83243812a97e5a0fd5ed55"
  name = "github.com/dgrijalva/jwt-go"
  packages = ["."]
  pruneopts = "UT"
  revision = "06ea1031745cb8b3dab3f6a236daf2b0aa468b7e"
  version = "v3.2.0"

[[projects]]
  digest = "1:a63cff6b5d8b95638bfe300385d93b2a6d9d687734b863da8e09dc834510a690"
  name = "github.com/google/go-querystring"
  packages = ["query"]
  pruneopts = "UT"
  revision = "44c6ddd0a2342c386950e880b658017258da92fc"
  version = "v1.0.0"

[[projects]]
  digest = "1:88e0b0baeb9072f0a4afbcf12dda615fc8be001d1802357538591155998da21b"
  name = "github.com/hashicorp/go-version"
  packages = ["."]
  pruneopts = "UT"
  revision = "ac23dc3fea5d1a983c43f6a0f6e2c13f0195d8bd"
  version = "v1.2.0"

[[projects]]
  digest = "1:cf31692c14422fa27c83a05292eb5cbe0fb2775972e8f1f8446a71549bd8980b"
  name = "github.com/pkg/errors"
  packages = ["."]
  pruneopts = "UT"
  revision = "ba968bfe8b2f7e042a574c888954fccecfa385b4"
  version = "v0.8.1"

[[projects]]
  digest = "1:1093f2eb4b344996604f7d8b29a16c5b22ab9e1b25652140d3fede39f640d5cd"
  name = "golang.org/x/text"
  packages = [
    "internal/gen",
    "internal/triegen",
    "internal/ucd",
    "transform",
    "unicode/cldr",
    "unicode/norm",
  ]
  pruneopts = "UT"
  revision = "342b2e1fbaa52c93f31447ad2c6abc048c63e475"
  version = "v0.3.2"

[[projects]]
  branch = "master"
  digest = "1:c10265d5a71326618d37e97169eddb3582f78e8ac7dcf87403b4cf619efd519a"
  name = "howett.net/plist"
  packages = ["."]
  pruneopts = "UT"
  revision = "591f970eefbbeb04d7b37f334a0c4c3256e32876"

[solve-meta]
  analyzer-name = "dep"
  analyzer-version = 1
  input-imports = [
    "github.com/bitrise-io/bitrise-add-new-project/httputil",
    "github.com/bitrise-io/go-steputils/stepconf",
    "github.com/bitrise-io/go-steputils/tools",
    "github.com/bitrise-io/go-utils/command",
    "github.com/bitrise-io/go-utils/errorutil",
    "github.com/bitrise-io/go-utils/fileutil",
    "github.com/bitrise-io/go-utils/log",
    "github.com/bitrise-io/go-utils/pathutil",
    "github.com/bitrise-io/go-utils/retry",
    "github.com/bitrise-io/go-utils/sliceutil",
    "github.com/bitrise-io/go-xcode/certificateutil",
    "github.com/bitrise-io/xcode-project",
    "github.com/bitrise-io/xcode-project/serialized",
    "github.com/bitrise-io/xcode-project/xcodeproj",
    "github.com/bitrise-io/xcode-project/xcscheme",
    "github.com/dgrijalva/jwt-go",
    "github.com/google/go-querystring/query",
    "github.com/hashicorp/go-version",
    "howett.net/plist",
  ]
  solver-name = "gps-cdcl"
  solver-version = 1
